
Microsoft Visual Studio Solution File, Format Version 12.00
# Visual Studio 14
VisualStudioVersion = 14.0.23107.0
MinimumVisualStudioVersion = 10.0.40219.1
Project("{FAE04EC0-301F-11D3-BF4B-00C04F79EFBC}") = "3DScan.Droid", "3DScan\_3DScan.Droid\3DScan.Droid.csproj", "{8069EF53-C142-4A73-A8F8-D01A822F9410}"
EndProject
Project("{FAE04EC0-301F-11D3-BF4B-00C04F79EFBC}") = "_3DScan.iOS", "3DScan\_3DScan.iOS\_3DScan.iOS.csproj", "{2CC947C0-E42D-4D81-B416-C8C7EC9E8D6B}"
EndProject
Project("{FAE04EC0-301F-11D3-BF4B-00C04F79EFBC}") = "3DScan", "3DScan\_3DScan\3DScan.csproj", "{BEC8B42B-503F-470F-BEA8-C28D57C30CE5}"
EndProject
Global
	GlobalSection(SolutionConfigurationPlatforms) = preSolution
		Ad-Hoc|Any CPU = Ad-Hoc|Any CPU
		Ad-Hoc|ARM = Ad-Hoc|ARM
		Ad-Hoc|iPhone = Ad-Hoc|iPhone
		Ad-Hoc|iPhoneSimulator = Ad-Hoc|iPhoneSimulator
		Ad-Hoc|x86 = Ad-Hoc|x86
		AppStore|Any CPU = AppStore|Any CPU
		AppStore|ARM = AppStore|ARM
		AppStore|iPhone = AppStore|iPhone
		AppStore|iPhoneSimulator = AppStore|iPhoneSimulator
		AppStore|x86 = AppStore|x86
		Debug|Any CPU = Debug|Any CPU
		Debug|ARM = Debug|ARM
		Debug|iPhone = Debug|iPhone
		Debug|iPhoneSimulator = Debug|iPhoneSimulator
		Debug|x86 = Debug|x86
		Release|Any CPU = Release|Any CPU
		Release|ARM = Release|ARM
		Release|iPhone = Release|iPhone
		Release|iPhoneSimulator = Release|iPhoneSimulator
		Release|x86 = Release|x86
	EndGlobalSection
	GlobalSection(ProjectConfigurationPlatforms) = postSolution
		{8069EF53-C142-4A73-A8F8-D01A822F9410}.Ad-Hoc|Any CPU.ActiveCfg = Release|Any CPU
		{8069EF53-C142-4A73-A8F8-D01A822F9410}.Ad-Hoc|Any CPU.Build.0 = Release|Any CPU
		{8069EF53-C142-4A73-A8F8-D01A822F9410}.Ad-Hoc|Any CPU.Deploy.0 = Release|Any CPU
		{8069EF53-C142-4A73-A8F8-D01A822F9410}.Ad-Hoc|ARM.ActiveCfg = Release|Any CPU
		{8069EF53-C142-4A73-A8F8-D01A822F9410}.Ad-Hoc|ARM.Build.0 = Release|Any CPU
		{8069EF53-C142-4A73-A8F8-D01A822F9410}.Ad-Hoc|ARM.Deploy.0 = Release|Any CPU
		{8069EF53-C142-4A73-A8F8-D01A822F9410}.Ad-Hoc|iPhone.ActiveCfg = Release|Any CPU
		{8069EF53-C142-4A73-A8F8-D01A822F9410}.Ad-Hoc|iPhone.Build.0 = Release|Any CPU
		{8069EF53-C142-4A73-A8F8-D01A822F9410}.Ad-Hoc|iPhone.Deploy.0 = Release|Any CPU
		{8069EF53-C142-4A73-A8F8-D01A822F9410}.Ad-Hoc|iPhoneSimulator.ActiveCfg = Release|Any CPU
		{8069EF53-C142-4A73-A8F8-D01A822F9410}.Ad-Hoc|iPhoneSimulator.Build.0 = Release|Any CPU
		{8069EF53-C142-4A73-A8F8-D01A822F9410}.Ad-Hoc|iPhoneSimulator.Deploy.0 = Release|Any CPU
		{8069EF53-C142-4A73-A8F8-D01A822F9410}.Ad-Hoc|x86.ActiveCfg = Release|Any CPU
		{8069EF53-C142-4A73-A8F8-D01A822F9410}.Ad-Hoc|x86.Build.0 = Release|Any CPU
		{8069EF53-C142-4A73-A8F8-D01A822F9410}.Ad-Hoc|x86.Deploy.0 = Release|Any CPU
		{8069EF53-C142-4A73-A8F8-D01A822F9410}.AppStore|Any CPU.ActiveCfg = Release|Any CPU
		{8069EF53-C142-4A73-A8F8-D01A822F9410}.AppStore|Any CPU.Build.0 = Release|Any CPU
		{8069EF53-C142-4A73-A8F8-D01A822F9410}.AppStore|Any CPU.Deploy.0 = Release|Any CPU
		{8069EF53-C142-4A73-A8F8-D01A822F9410}.AppStore|ARM.ActiveCfg = Release|Any CPU
		{8069EF53-C142-4A73-A8F8-D01A822F9410}.AppStore|ARM.Build.0 = Release|Any CPU
		{8069EF53-C142-4A73-A8F8-D01A822F9410}.AppStore|ARM.Deploy.0 = Release|Any CPU
		{8069EF53-C142-4A73-A8F8-D01A822F9410}.AppStore|iPhone.ActiveCfg = Release|Any CPU
		{8069EF53-C142-4A73-A8F8-D01A822F9410}.AppStore|iPhone.Build.0 = Release|Any CPU
		{8069EF53-C142-4A73-A8F8-D01A822F9410}.AppStore|iPhone.Deploy.0 = Release|Any CPU
		{8069EF53-C142-4A73-A8F8-D01A822F9410}.AppStore|iPhoneSimulator.ActiveCfg = Release|Any CPU
		{8069EF53-C142-4A73-A8F8-D01A822F9410}.AppStore|iPhoneSimulator.Build.0 = Release|Any CPU
		{8069EF53-C142-4A73-A8F8-D01A822F9410}.AppStore|iPhoneSimulator.Deploy.0 = Release|Any CPU
		{8069EF53-C142-4A73-A8F8-D01A822F9410}.AppStore|x86.ActiveCfg = Release|Any CPU
		{8069EF53-C142-4A73-A8F8-D01A822F9410}.AppStore|x86.Build.0 = Release|Any CPU
		{8069EF53-C142-4A73-A8F8-D01A822F9410}.AppStore|x86.Deploy.0 = Release|Any CPU
		{8069EF53-C142-4A73-A8F8-D01A822F9410}.Debug|Any CPU.ActiveCfg = Debug|Any CPU
		{8069EF53-C142-4A73-A8F8-D01A822F9410}.Debug|Any CPU.Build.0 = Debug|Any CPU
		{8069EF53-C142-4A73-A8F8-D01A822F9410}.Debug|Any CPU.Deploy.0 = Debug|Any CPU
		{8069EF53-C142-4A73-A8F8-D01A822F9410}.Debug|ARM.ActiveCfg = Debug|Any CPU
		{8069EF53-C142-4A73-A8F8-D01A822F9410}.Debug|ARM.Build.0 = Debug|Any CPU
		{8069EF53-C142-4A73-A8F8-D01A822F9410}.Debug|ARM.Deploy.0 = Debug|Any CPU
		{8069EF53-C142-4A73-A8F8-D01A822F9410}.Debug|iPhone.ActiveCfg = Debug|Any CPU
		{8069EF53-C142-4A73-A8F8-D01A822F9410}.Debug|iPhone.Build.0 = Debug|Any CPU
		{8069EF53-C142-4A73-A8F8-D01A822F9410}.Debug|iPhone.Deploy.0 = Debug|Any CPU
		{8069EF53-C142-4A73-A8F8-D01A822F9410}.Debug|iPhoneSimulator.ActiveCfg = Debug|Any CPU
		{8069EF53-C142-4A73-A8F8-D01A822F9410}.Debug|iPhoneSimulator.Build.0 = Debug|Any CPU
		{8069EF53-C142-4A73-A8F8-D01A822F9410}.Debug|iPhoneSimulator.Deploy.0 = Debug|Any CPU
		{8069EF53-C142-4A73-A8F8-D01A822F9410}.Debug|x86.ActiveCfg = Debug|Any CPU
		{8069EF53-C142-4A73-A8F8-D01A822F9410}.Debug|x86.Build.0 = Debug|Any CPU
		{8069EF53-C142-4A73-A8F8-D01A822F9410}.Debug|x86.Deploy.0 = Debug|Any CPU
		{8069EF53-C142-4A73-A8F8-D01A822F9410}.Release|Any CPU.ActiveCfg = Release|Any CPU
		{8069EF53-C142-4A73-A8F8-D01A822F9410}.Release|Any CPU.Build.0 = Release|Any CPU
		{8069EF53-C142-4A73-A8F8-D01A822F9410}.Release|Any CPU.Deploy.0 = Release|Any CPU
		{8069EF53-C142-4A73-A8F8-D01A822F9410}.Release|ARM.ActiveCfg = Release|Any CPU
		{8069EF53-C142-4A73-A8F8-D01A822F9410}.Release|ARM.Build.0 = Release|Any CPU
		{8069EF53-C142-4A73-A8F8-D01A822F9410}.Release|ARM.Deploy.0 = Release|Any CPU
		{8069EF53-C142-4A73-A8F8-D01A822F9410}.Release|iPhone.ActiveCfg = Release|Any CPU
		{8069EF53-C142-4A73-A8F8-D01A822F9410}.Release|iPhone.Build.0 = Release|Any CPU
		{8069EF53-C142-4A73-A8F8-D01A822F9410}.Release|iPhone.Deploy.0 = Release|Any CPU
		{8069EF53-C142-4A73-A8F8-D01A822F9410}.Release|iPhoneSimulator.ActiveCfg = Release|Any CPU
		{8069EF53-C142-4A73-A8F8-D01A822F9410}.Release|iPhoneSimulator.Build.0 = Release|Any CPU
		{8069EF53-C142-4A73-A8F8-D01A822F9410}.Release|iPhoneSimulator.Deploy.0 = Release|Any CPU
		{8069EF53-C142-4A73-A8F8-D01A822F9410}.Release|x86.ActiveCfg = Release|Any CPU
		{8069EF53-C142-4A73-A8F8-D01A822F9410}.Release|x86.Build.0 = Release|Any CPU
		{8069EF53-C142-4A73-A8F8-D01A822F9410}.Release|x86.Deploy.0 = Release|Any CPU
		{2CC947C0-E42D-4D81-B416-C8C7EC9E8D6B}.Ad-Hoc|Any CPU.ActiveCfg = Ad-Hoc|iPhone
		{2CC947C0-E42D-4D81-B416-C8C7EC9E8D6B}.Ad-Hoc|ARM.ActiveCfg = Ad-Hoc|iPhone
		{2CC947C0-E42D-4D81-B416-C8C7EC9E8D6B}.Ad-Hoc|iPhone.ActiveCfg = Ad-Hoc|iPhone
		{2CC947C0-E42D-4D81-B416-C8C7EC9E8D6B}.Ad-Hoc|iPhone.Build.0 = Ad-Hoc|iPhone
		{2CC947C0-E42D-4D81-B416-C8C7EC9E8D6B}.Ad-Hoc|iPhoneSimulator.ActiveCfg = Ad-Hoc|iPhoneSimulator
		{2CC947C0-E42D-4D81-B416-C8C7EC9E8D6B}.Ad-Hoc|iPhoneSimulator.Build.0 = Ad-Hoc|iPhoneSimulator
		{2CC947C0-E42D-4D81-B416-C8C7EC9E8D6B}.Ad-Hoc|x86.ActiveCfg = Ad-Hoc|iPhone
		{2CC947C0-E42D-4D81-B416-C8C7EC9E8D6B}.AppStore|Any CPU.ActiveCfg = AppStore|iPhone
		{2CC947C0-E42D-4D81-B416-C8C7EC9E8D6B}.AppStore|ARM.ActiveCfg = AppStore|iPhone
		{2CC947C0-E42D-4D81-B416-C8C7EC9E8D6B}.AppStore|iPhone.ActiveCfg = AppStore|iPhone
		{2CC947C0-E42D-4D81-B416-C8C7EC9E8D6B}.AppStore|iPhone.Build.0 = AppStore|iPhone
		{2CC947C0-E42D-4D81-B416-C8C7EC9E8D6B}.AppStore|iPhoneSimulator.ActiveCfg = AppStore|iPhoneSimulator
		{2CC947C0-E42D-4D81-B416-C8C7EC9E8D6B}.AppStore|iPhoneSimulator.Build.0 = AppStore|iPhoneSimulator
		{2CC947C0-E42D-4D81-B416-C8C7EC9E8D6B}.AppStore|x86.ActiveCfg = AppStore|iPhone
		{2CC947C0-E42D-4D81-B416-C8C7EC9E8D6B}.Debug|Any CPU.ActiveCfg = Debug|iPhone
		{2CC947C0-E42D-4D81-B416-C8C7EC9E8D6B}.Debug|ARM.ActiveCfg = Debug|iPhone
		{2CC947C0-E42D-4D81-B416-C8C7EC9E8D6B}.Debug|iPhone.ActiveCfg = Debug|iPhone
		{2CC947C0-E42D-4D81-B416-C8C7EC9E8D6B}.Debug|iPhone.Build.0 = Debug|iPhone
		{2CC947C0-E42D-4D81-B416-C8C7EC9E8D6B}.Debug|iPhoneSimulator.ActiveCfg = Debug|iPhoneSimulator
		{2CC947C0-E42D-4D81-B416-C8C7EC9E8D6B}.Debug|iPhoneSimulator.Build.0 = Debug|iPhoneSimulator
		{2CC947C0-E42D-4D81-B416-C8C7EC9E8D6B}.Debug|x86.ActiveCfg = Debug|iPhone
		{2CC947C0-E42D-4D81-B416-C8C7EC9E8D6B}.Release|Any CPU.ActiveCfg = Release|iPhone
		{2CC947C0-E42D-4D81-B416-C8C7EC9E8D6B}.Release|ARM.ActiveCfg = Release|iPhone
		{2CC947C0-E42D-4D81-B416-C8C7EC9E8D6B}.Release|iPhone.ActiveCfg = Release|iPhone
		{2CC947C0-E42D-4D81-B416-C8C7EC9E8D6B}.Release|iPhone.Build.0 = Release|iPhone
		{2CC947C0-E42D-4D81-B416-C8C7EC9E8D6B}.Release|iPhoneSimulator.ActiveCfg = Release|iPhoneSimulator
		{2CC947C0-E42D-4D81-B416-C8C7EC9E8D6B}.Release|iPhoneSimulator.Build.0 = Release|iPhoneSimulator
		{2CC947C0-E42D-4D81-B416-C8C7EC9E8D6B}.Release|x86.ActiveCfg = Release|iPhone
		{BEC8B42B-503F-470F-BEA8-C28D57C30CE5}.Ad-Hoc|Any CPU.ActiveCfg = Release|Any CPU
		{BEC8B42B-503F-470F-BEA8-C28D57C30CE5}.Ad-Hoc|Any CPU.Build.0 = Release|Any CPU
		{BEC8B42B-503F-470F-BEA8-C28D57C30CE5}.Ad-Hoc|ARM.ActiveCfg = Release|Any CPU
		{BEC8B42B-503F-470F-BEA8-C28D57C30CE5}.Ad-Hoc|ARM.Build.0 = Release|Any CPU
		{BEC8B42B-503F-470F-BEA8-C28D57C30CE5}.Ad-Hoc|iPhone.ActiveCfg = Release|Any CPU
		{BEC8B42B-503F-470F-BEA8-C28D57C30CE5}.Ad-Hoc|iPhone.Build.0 = Release|Any CPU
		{BEC8B42B-503F-470F-BEA8-C28D57C30CE5}.Ad-Hoc|iPhoneSimulator.ActiveCfg = Release|Any CPU
		{BEC8B42B-503F-470F-BEA8-C28D57C30CE5}.Ad-Hoc|iPhoneSimulator.Build.0 = Release|Any CPU
		{BEC8B42B-503F-470F-BEA8-C28D57C30CE5}.Ad-Hoc|x86.ActiveCfg = Release|Any CPU
		{BEC8B42B-503F-470F-BEA8-C28D57C30CE5}.Ad-Hoc|x86.Build.0 = Release|Any CPU
		{BEC8B42B-503F-470F-BEA8-C28D57C30CE5}.AppStore|Any CPU.ActiveCfg = Release|Any CPU
		{BEC8B42B-503F-470F-BEA8-C28D57C30CE5}.AppStore|Any CPU.Build.0 = Release|Any CPU
		{BEC8B42B-503F-470F-BEA8-C28D57C30CE5}.AppStore|ARM.ActiveCfg = Release|Any CPU
		{BEC8B42B-503F-470F-BEA8-C28D57C30CE5}.AppStore|ARM.Build.0 = Release|Any CPU
		{BEC8B42B-503F-470F-BEA8-C28D57C30CE5}.AppStore|iPhone.ActiveCfg = Release|Any CPU
		{BEC8B42B-503F-470F-BEA8-C28D57C30CE5}.AppStore|iPhone.Build.0 = Release|Any CPU
		{BEC8B42B-503F-470F-BEA8-C28D57C30CE5}.AppStore|iPhoneSimulator.ActiveCfg = Release|Any CPU
		{BEC8B42B-503F-470F-BEA8-C28D57C30CE5}.AppStore|iPhoneSimulator.Build.0 = Release|Any CPU
		{BEC8B42B-503F-470F-BEA8-C28D57C30CE5}.AppStore|x86.ActiveCfg = Release|Any CPU
		{BEC8B42B-503F-470F-BEA8-C28D57C30CE5}.AppStore|x86.Build.0 = Release|Any CPU
		{BEC8B42B-503F-470F-BEA8-C28D57C30CE5}.Debug|Any CPU.ActiveCfg = Debug|Any CPU
		{BEC8B42B-503F-470F-BEA8-C28D57C30CE5}.Debug|Any CPU.Build.0 = Debug|Any CPU
		{BEC8B42B-503F-470F-BEA8-C28D57C30CE5}.Debug|ARM.ActiveCfg = Debug|Any CPU
		{BEC8B42B-503F-470F-BEA8-C28D57C30CE5}.Debug|ARM.Build.0 = Debug|Any CPU
		{BEC8B42B-503F-470F-BEA8-C28D57C30CE5}.Debug|iPhone.ActiveCfg = Debug|Any CPU
		{BEC8B42B-503F-470F-BEA8-C28D57C30CE5}.Debug|iPhone.Build.0 = Debug|Any CPU
		{BEC8B42B-503F-470F-BEA8-C28D57C30CE5}.Debug|iPhoneSimulator.ActiveCfg = Debug|Any CPU
		{BEC8B42B-503F-470F-BEA8-C28D57C30CE5}.Debug|iPhoneSimulator.Build.0 = Debug|Any CPU
		{BEC8B42B-503F-470F-BEA8-C28D57C30CE5}.Debug|x86.ActiveCfg = Debug|Any CPU
		{BEC8B42B-503F-470F-BEA8-C28D57C30CE5}.Debug|x86.Build.0 = Debug|Any CPU
		{BEC8B42B-503F-470F-BEA8-C28D57C30CE5}.Release|Any CPU.ActiveCfg = Release|Any CPU
		{BEC8B42B-503F-470F-BEA8-C28D57C30CE5}.Release|Any CPU.Build.0 = Release|Any CPU
		{BEC8B42B-503F-470F-BEA8-C28D57C30CE5}.Release|ARM.ActiveCfg = Release|Any CPU
		{BEC8B42B-503F-470F-BEA8-C28D57C30CE5}.Release|ARM.Build.0 = Release|Any CPU
		{BEC8B42B-503F-470F-BEA8-C28D57C30CE5}.Release|iPhone.ActiveCfg = Release|Any CPU
		{BEC8B42B-503F-470F-BEA8-C28D57C30CE5}.Release|iPhone.Build.0 = Release|Any CPU
		{BEC8B42B-503F-470F-BEA8-C28D57C30CE5}.Release|iPhoneSimulator.ActiveCfg = Release|Any CPU
		{BEC8B42B-503F-470F-BEA8-C28D57C30CE5}.Release|iPhoneSimulator.Build.0 = Release|Any CPU
		{BEC8B42B-503F-470F-BEA8-C28D57C30CE5}.Release|x86.ActiveCfg = Release|Any CPU
		{BEC8B42B-503F-470F-BEA8-C28D57C30CE5}.Release|x86.Build.0 = Release|Any CPU
	EndGlobalSection
	GlobalSection(SolutionProperties) = preSolution
		HideSolutionNode = FALSE
	EndGlobalSection
EndGlobal
